
Microsoft Visual Studio Solution File, Format Version 12.00
# Visual Studio 15
VisualStudioVersion = 15.0.27004.2010
MinimumVisualStudioVersion = 10.0.40219.1
Project("{FAE04EC0-301F-11D3-BF4B-00C04F79EFBC}") = "Hello World", "Hello World\Hello World.csproj", "{16AB4BCC-6FAA-43DC-A836-E921616ED14B}"
EndProject
Global
	GlobalSection(SolutionConfigurationPlatforms) = preSolution
		Debug|Any CPU = Debug|Any CPU
		Release|Any CPU = Release|Any CPU
	EndGlobalSection
	GlobalSection(ProjectConfigurationPlatforms) = postSolution
		{16AB4BCC-6FAA-43DC-A836-E921616ED14B}.Debug|Any CPU.ActiveCfg = Debug|Any CPU
		{16AB4BCC-6FAA-43DC-A836-E921616ED14B}.Debug|Any CPU.Build.0 = Debug|Any CPU
		{16AB4BCC-6FAA-43DC-A836-E921616ED14B}.Release|Any CPU.ActiveCfg = Release|Any CPU
		{16AB4BCC-6FAA-43DC-A836-E921616ED14B}.Release|Any CPU.Build.0 = Release|Any CPU
	EndGlobalSection
	GlobalSection(SolutionProperties) = preSolution
		HideSolutionNode = FALSE
	EndGlobalSection
	GlobalSection(ExtensibilityGlobals) = postSolution
		SolutionGuid = {CC9FB20D-BF3C-46FC-8940-03A9F652FD55}
	EndGlobalSection
EndGlobal
